
Microsoft Visual Studio Solution File, Format Version 12.00
# Visual Studio Version 17
VisualStudioVersion = 17.11.35327.3
MinimumVisualStudioVersion = 10.0.40219.1
Project("{FAE04EC0-301F-11D3-BF4B-00C04F79EFBC}") = "ecommerce", "ecommerce\ecommerce.csproj", "{F3EECEE0-FD47-42B6-B0F0-10FCBAAB79A6}"
EndProject
Project("{FAE04EC0-301F-11D3-BF4B-00C04F79EFBC}") = "Dominio", "Dominio\Dominio.csproj", "{FEEBF5B2-7E99-4308-A111-A4EF058D06E2}"
EndProject
Project("{FAE04EC0-301F-11D3-BF4B-00C04F79EFBC}") = "Negocio", "Negocio\Negocio.csproj", "{5233BE94-F6C5-4117-B0BF-3BDAD7908284}"
EndProject
Global
	GlobalSection(SolutionConfigurationPlatforms) = preSolution
		Debug|Any CPU = Debug|Any CPU
		Release|Any CPU = Release|Any CPU
	EndGlobalSection
	GlobalSection(ProjectConfigurationPlatforms) = postSolution
		{F3EECEE0-FD47-42B6-B0F0-10FCBAAB79A6}.Debug|Any CPU.ActiveCfg = Debug|Any CPU
		{F3EECEE0-FD47-42B6-B0F0-10FCBAAB79A6}.Debug|Any CPU.Build.0 = Debug|Any CPU
		{F3EECEE0-FD47-42B6-B0F0-10FCBAAB79A6}.Release|Any CPU.ActiveCfg = Release|Any CPU
		{F3EECEE0-FD47-42B6-B0F0-10FCBAAB79A6}.Release|Any CPU.Build.0 = Release|Any CPU
		{FEEBF5B2-7E99-4308-A111-A4EF058D06E2}.Debug|Any CPU.ActiveCfg = Debug|Any CPU
		{FEEBF5B2-7E99-4308-A111-A4EF058D06E2}.Debug|Any CPU.Build.0 = Debug|Any CPU
		{FEEBF5B2-7E99-4308-A111-A4EF058D06E2}.Release|Any CPU.ActiveCfg = Release|Any CPU
		{FEEBF5B2-7E99-4308-A111-A4EF058D06E2}.Release|Any CPU.Build.0 = Release|Any CPU
		{5233BE94-F6C5-4117-B0BF-3BDAD7908284}.Debug|Any CPU.ActiveCfg = Debug|Any CPU
		{5233BE94-F6C5-4117-B0BF-3BDAD7908284}.Debug|Any CPU.Build.0 = Debug|Any CPU
		{5233BE94-F6C5-4117-B0BF-3BDAD7908284}.Release|Any CPU.ActiveCfg = Release|Any CPU
		{5233BE94-F6C5-4117-B0BF-3BDAD7908284}.Release|Any CPU.Build.0 = Release|Any CPU
	EndGlobalSection
	GlobalSection(SolutionProperties) = preSolution
		HideSolutionNode = FALSE
	EndGlobalSection
	GlobalSection(ExtensibilityGlobals) = postSolution
		SolutionGuid = {72794E1E-ED4D-4656-BD46-4156CB63F648}
	EndGlobalSection
EndGlobal
